
Microsoft Visual Studio Solution File, Format Version 12.00
Project("{2150E333-8FDC-42A3-9474-1A3956D46DE8}") = "source", "source", "{FA2C09C3-D8F8-48D7-8AC9-805B06ACC0CC}"
EndProject
Project("{2150E333-8FDC-42A3-9474-1A3956D46DE8}") = "tests", "tests", "{04C07547-7F0E-475B-8CCC-7464802B7E8D}"
EndProject
Project("{2150E333-8FDC-42A3-9474-1A3956D46DE8}") = "samples", "samples", "{6496D471-1442-4928-929C-03FF7655A234}"
EndProject
Project("{FAE04EC0-301F-11D3-BF4B-00C04F79EFBC}") = "X39.Hosting.Modularization", "source\X39.Hosting.Modularization\X39.Hosting.Modularization.csproj", "{8AA99A90-4E3A-4335-9A14-CA14D8678973}"
EndProject
Project("{2150E333-8FDC-42A3-9474-1A3956D46DE8}") = "files", "files", "{874E02ED-488C-4177-BE48-C851618302C2}"
	ProjectSection(SolutionItems) = preProject
		.gitignore = .gitignore
		.editorconfig = .editorconfig
		ReadMe.md = ReadMe.md
		CONTRIBUTORS.md = CONTRIBUTORS.md
	EndProjectSection
EndProject
Project("{FAE04EC0-301F-11D3-BF4B-00C04F79EFBC}") = "X39.Hosting.Modularization.Abstraction", "source\X39.Hosting.Modularization.Abstraction\X39.Hosting.Modularization.Abstraction.csproj", "{1C0CE9E3-77B4-4AE1-BE27-F07AFF3B63AF}"
EndProject
Project("{2150E333-8FDC-42A3-9474-1A3956D46DE8}") = "common-library", "common-library", "{DC1880F3-E431-4728-92ED-3C012EEDA99D}"
EndProject
Project("{FAE04EC0-301F-11D3-BF4B-00C04F79EFBC}") = "Application", "samples\common-library\Application\Application.csproj", "{EC9C41F5-70D6-413D-9D64-18E30F5CBA5C}"
EndProject
Project("{FAE04EC0-301F-11D3-BF4B-00C04F79EFBC}") = "Library", "samples\common-library\Library\Library.csproj", "{615CAB12-D95B-45E3-816E-452DB2988797}"
EndProject
Project("{FAE04EC0-301F-11D3-BF4B-00C04F79EFBC}") = "ModuleA", "samples\common-library\ModuleA\ModuleA.csproj", "{B86E63A9-9E34-46AD-95AD-189649B0928F}"
EndProject
Project("{FAE04EC0-301F-11D3-BF4B-00C04F79EFBC}") = "ModuleB", "samples\common-library\ModuleB\ModuleB.csproj", "{749505A1-CC3C-4351-8F98-95B6278DFE06}"
EndProject
Project("{2150E333-8FDC-42A3-9474-1A3956D46DE8}") = "workflows", "workflows", "{24222F3E-E81A-4F3F-9E21-5F1D1EDF1490}"
	ProjectSection(SolutionItems) = preProject
		.github\workflows\main.yml = .github\workflows\main.yml
	EndProjectSection
EndProject
Project("{FAE04EC0-301F-11D3-BF4B-00C04F79EFBC}") = "template", "template\template.csproj", "{966004A5-8AF4-4788-B334-F891C9FB95E8}"
EndProject
Project("{FAE04EC0-301F-11D3-BF4B-00C04F79EFBC}") = "X39.Hosting.Reflection", "source\X39.Hosting.Reflection\X39.Hosting.Reflection.csproj", "{F7E4034A-84C3-414B-A7A7-EE12242C801E}"
EndProject
Project("{2150E333-8FDC-42A3-9474-1A3956D46DE8}") = "scripts", "scripts", "{596EF832-3C44-4D70-A344-435739169A69}"
	ProjectSection(SolutionItems) = preProject
		scripts\publish-local.cmd = scripts\publish-local.cmd
	EndProjectSection
EndProject
Project("{FAE04EC0-301F-11D3-BF4B-00C04F79EFBC}") = "Common", "samples\common-library\Common\Common.csproj", "{0A4428BA-D566-40A5-96E3-EC1775700397}"
EndProject
Global
	GlobalSection(SolutionConfigurationPlatforms) = preSolution
		Debug|Any CPU = Debug|Any CPU
		Release|Any CPU = Release|Any CPU
	EndGlobalSection
	GlobalSection(ProjectConfigurationPlatforms) = postSolution
		{8AA99A90-4E3A-4335-9A14-CA14D8678973}.Debug|Any CPU.ActiveCfg = Debug|Any CPU
		{8AA99A90-4E3A-4335-9A14-CA14D8678973}.Debug|Any CPU.Build.0 = Debug|Any CPU
		{8AA99A90-4E3A-4335-9A14-CA14D8678973}.Release|Any CPU.ActiveCfg = Release|Any CPU
		{8AA99A90-4E3A-4335-9A14-CA14D8678973}.Release|Any CPU.Build.0 = Release|Any CPU
		{1C0CE9E3-77B4-4AE1-BE27-F07AFF3B63AF}.Debug|Any CPU.ActiveCfg = Debug|Any CPU
		{1C0CE9E3-77B4-4AE1-BE27-F07AFF3B63AF}.Debug|Any CPU.Build.0 = Debug|Any CPU
		{1C0CE9E3-77B4-4AE1-BE27-F07AFF3B63AF}.Release|Any CPU.ActiveCfg = Release|Any CPU
		{1C0CE9E3-77B4-4AE1-BE27-F07AFF3B63AF}.Release|Any CPU.Build.0 = Release|Any CPU
		{EC9C41F5-70D6-413D-9D64-18E30F5CBA5C}.Debug|Any CPU.ActiveCfg = Debug|Any CPU
		{EC9C41F5-70D6-413D-9D64-18E30F5CBA5C}.Debug|Any CPU.Build.0 = Debug|Any CPU
		{EC9C41F5-70D6-413D-9D64-18E30F5CBA5C}.Release|Any CPU.ActiveCfg = Release|Any CPU
		{EC9C41F5-70D6-413D-9D64-18E30F5CBA5C}.Release|Any CPU.Build.0 = Release|Any CPU
		{615CAB12-D95B-45E3-816E-452DB2988797}.Debug|Any CPU.ActiveCfg = Debug|Any CPU
		{615CAB12-D95B-45E3-816E-452DB2988797}.Debug|Any CPU.Build.0 = Debug|Any CPU
		{615CAB12-D95B-45E3-816E-452DB2988797}.Release|Any CPU.ActiveCfg = Release|Any CPU
		{615CAB12-D95B-45E3-816E-452DB2988797}.Release|Any CPU.Build.0 = Release|Any CPU
		{B86E63A9-9E34-46AD-95AD-189649B0928F}.Debug|Any CPU.ActiveCfg = Debug|Any CPU
		{B86E63A9-9E34-46AD-95AD-189649B0928F}.Debug|Any CPU.Build.0 = Debug|Any CPU
		{B86E63A9-9E34-46AD-95AD-189649B0928F}.Release|Any CPU.ActiveCfg = Release|Any CPU
		{B86E63A9-9E34-46AD-95AD-189649B0928F}.Release|Any CPU.Build.0 = Release|Any CPU
		{749505A1-CC3C-4351-8F98-95B6278DFE06}.Debug|Any CPU.ActiveCfg = Debug|Any CPU
		{749505A1-CC3C-4351-8F98-95B6278DFE06}.Debug|Any CPU.Build.0 = Debug|Any CPU
		{749505A1-CC3C-4351-8F98-95B6278DFE06}.Release|Any CPU.ActiveCfg = Release|Any CPU
		{749505A1-CC3C-4351-8F98-95B6278DFE06}.Release|Any CPU.Build.0 = Release|Any CPU
		{966004A5-8AF4-4788-B334-F891C9FB95E8}.Debug|Any CPU.ActiveCfg = Debug|Any CPU
		{966004A5-8AF4-4788-B334-F891C9FB95E8}.Debug|Any CPU.Build.0 = Debug|Any CPU
		{966004A5-8AF4-4788-B334-F891C9FB95E8}.Release|Any CPU.ActiveCfg = Release|Any CPU
		{966004A5-8AF4-4788-B334-F891C9FB95E8}.Release|Any CPU.Build.0 = Release|Any CPU
		{F7E4034A-84C3-414B-A7A7-EE12242C801E}.Debug|Any CPU.ActiveCfg = Debug|Any CPU
		{F7E4034A-84C3-414B-A7A7-EE12242C801E}.Debug|Any CPU.Build.0 = Debug|Any CPU
		{F7E4034A-84C3-414B-A7A7-EE12242C801E}.Release|Any CPU.ActiveCfg = Release|Any CPU
		{F7E4034A-84C3-414B-A7A7-EE12242C801E}.Release|Any CPU.Build.0 = Release|Any CPU
		{0A4428BA-D566-40A5-96E3-EC1775700397}.Debug|Any CPU.ActiveCfg = Debug|Any CPU
		{0A4428BA-D566-40A5-96E3-EC1775700397}.Debug|Any CPU.Build.0 = Debug|Any CPU
		{0A4428BA-D566-40A5-96E3-EC1775700397}.Release|Any CPU.ActiveCfg = Release|Any CPU
		{0A4428BA-D566-40A5-96E3-EC1775700397}.Release|Any CPU.Build.0 = Release|Any CPU
	EndGlobalSection
	GlobalSection(NestedProjects) = preSolution
		{8AA99A90-4E3A-4335-9A14-CA14D8678973} = {FA2C09C3-D8F8-48D7-8AC9-805B06ACC0CC}
		{1C0CE9E3-77B4-4AE1-BE27-F07AFF3B63AF} = {FA2C09C3-D8F8-48D7-8AC9-805B06ACC0CC}
		{DC1880F3-E431-4728-92ED-3C012EEDA99D} = {6496D471-1442-4928-929C-03FF7655A234}
		{EC9C41F5-70D6-413D-9D64-18E30F5CBA5C} = {DC1880F3-E431-4728-92ED-3C012EEDA99D}
		{615CAB12-D95B-45E3-816E-452DB2988797} = {DC1880F3-E431-4728-92ED-3C012EEDA99D}
		{B86E63A9-9E34-46AD-95AD-189649B0928F} = {DC1880F3-E431-4728-92ED-3C012EEDA99D}
		{749505A1-CC3C-4351-8F98-95B6278DFE06} = {DC1880F3-E431-4728-92ED-3C012EEDA99D}
		{F7E4034A-84C3-414B-A7A7-EE12242C801E} = {FA2C09C3-D8F8-48D7-8AC9-805B06ACC0CC}
		{0A4428BA-D566-40A5-96E3-EC1775700397} = {DC1880F3-E431-4728-92ED-3C012EEDA99D}
		{24222F3E-E81A-4F3F-9E21-5F1D1EDF1490} = {874E02ED-488C-4177-BE48-C851618302C2}
	EndGlobalSection
EndGlobal
